
Microsoft Visual Studio Solution File, Format Version 12.00
# Visual Studio 2012
Project("{FAE04EC0-301F-11D3-BF4B-00C04F79EFBC}") = "GdsClientSide", "GdsClientSide\GdsClientSide.csproj", "{762C1A13-FCBE-46FD-BD4A-118C6BE5E8DA}"
EndProject
Global
	GlobalSection(SolutionConfigurationPlatforms) = preSolution
		Debug|Any CPU = Debug|Any CPU
		Release|Any CPU = Release|Any CPU
	EndGlobalSection
	GlobalSection(ProjectConfigurationPlatforms) = postSolution
		{762C1A13-FCBE-46FD-BD4A-118C6BE5E8DA}.Debug|Any CPU.ActiveCfg = Debug|Any CPU
		{762C1A13-FCBE-46FD-BD4A-118C6BE5E8DA}.Debug|Any CPU.Build.0 = Debug|Any CPU
		{762C1A13-FCBE-46FD-BD4A-118C6BE5E8DA}.Release|Any CPU.ActiveCfg = Release|Any CPU
		{762C1A13-FCBE-46FD-BD4A-118C6BE5E8DA}.Release|Any CPU.Build.0 = Release|Any CPU
	EndGlobalSection
	GlobalSection(SolutionProperties) = preSolution
		HideSolutionNode = FALSE
	EndGlobalSection
EndGlobal
