
Microsoft Visual Studio Solution File, Format Version 12.00
# Visual Studio 2012
Project("{FAE04EC0-301F-11D3-BF4B-00C04F79EFBC}") = "gds_ClientSide", "gds_ClientSide\gds_ClientSide.csproj", "{35A057D3-D87A-4B2B-9221-B434B1ACABA8}"
EndProject
Global
	GlobalSection(SolutionConfigurationPlatforms) = preSolution
		Debug|Any CPU = Debug|Any CPU
		Release|Any CPU = Release|Any CPU
	EndGlobalSection
	GlobalSection(ProjectConfigurationPlatforms) = postSolution
		{35A057D3-D87A-4B2B-9221-B434B1ACABA8}.Debug|Any CPU.ActiveCfg = Debug|Any CPU
		{35A057D3-D87A-4B2B-9221-B434B1ACABA8}.Debug|Any CPU.Build.0 = Debug|Any CPU
		{35A057D3-D87A-4B2B-9221-B434B1ACABA8}.Release|Any CPU.ActiveCfg = Release|Any CPU
		{35A057D3-D87A-4B2B-9221-B434B1ACABA8}.Release|Any CPU.Build.0 = Release|Any CPU
	EndGlobalSection
	GlobalSection(SolutionProperties) = preSolution
		HideSolutionNode = FALSE
	EndGlobalSection
EndGlobal
