
Microsoft Visual Studio Solution File, Format Version 12.00
# Visual Studio 2012
Project("{FAE04EC0-301F-11D3-BF4B-00C04F79EFBC}") = "Database_Connect_testVersion", "Database_Connect_testVersion\Database_Connect_testVersion.csproj", "{CA91CEC7-39E5-4485-BEEB-739CD66E78B2}"
EndProject
Global
	GlobalSection(SolutionConfigurationPlatforms) = preSolution
		Debug|Any CPU = Debug|Any CPU
		Release|Any CPU = Release|Any CPU
	EndGlobalSection
	GlobalSection(ProjectConfigurationPlatforms) = postSolution
		{CA91CEC7-39E5-4485-BEEB-739CD66E78B2}.Debug|Any CPU.ActiveCfg = Debug|Any CPU
		{CA91CEC7-39E5-4485-BEEB-739CD66E78B2}.Debug|Any CPU.Build.0 = Debug|Any CPU
		{CA91CEC7-39E5-4485-BEEB-739CD66E78B2}.Release|Any CPU.ActiveCfg = Release|Any CPU
		{CA91CEC7-39E5-4485-BEEB-739CD66E78B2}.Release|Any CPU.Build.0 = Release|Any CPU
	EndGlobalSection
	GlobalSection(SolutionProperties) = preSolution
		HideSolutionNode = FALSE
	EndGlobalSection
EndGlobal
